// !$*UTF8*$!
{
	archiveVersion = 1;
	classes = {
	};
	objectVersion = 50;
	objects = {

/* Begin PBXBuildFile section */
		04B1CA5022E1063400630F02 /* AppDelegate.swift in Sources */ = {isa = PBXBuildFile; fileRef = 04B1CA4F22E1063400630F02 /* AppDelegate.swift */; };
		04B1CA5222E1063400630F02 /* ViewController.swift in Sources */ = {isa = PBXBuildFile; fileRef = 04B1CA5122E1063400630F02 /* ViewController.swift */; };
		04B1CA5522E1063400630F02 /* Main.storyboard in Resources */ = {isa = PBXBuildFile; fileRef = 04B1CA5322E1063400630F02 /* Main.storyboard */; };
		04B1CA5722E1063600630F02 /* Assets.xcassets in Resources */ = {isa = PBXBuildFile; fileRef = 04B1CA5622E1063600630F02 /* Assets.xcassets */; };
		04B1CA5A22E1063600630F02 /* LaunchScreen.storyboard in Resources */ = {isa = PBXBuildFile; fileRef = 04B1CA5822E1063600630F02 /* LaunchScreen.storyboard */; };
		04B1CA6522E1063600630F02 /* AppArchitectureProjectTests.swift in Sources */ = {isa = PBXBuildFile; fileRef = 04B1CA6422E1063600630F02 /* AppArchitectureProjectTests.swift */; };
		04B1CA7022E1063600630F02 /* AppArchitectureProjectUITests.swift in Sources */ = {isa = PBXBuildFile; fileRef = 04B1CA6F22E1063600630F02 /* AppArchitectureProjectUITests.swift */; };
		04B1CA7E22E106A300630F02 /* Employee.swift in Sources */ = {isa = PBXBuildFile; fileRef = 04B1CA7D22E106A300630F02 /* Employee.swift */; };
		04B1CA8022E108D200630F02 /* EmployeeController.swift in Sources */ = {isa = PBXBuildFile; fileRef = 04B1CA7F22E108D200630F02 /* EmployeeController.swift */; };
		04B1CA8222E1124500630F02 /* EmployeeViewModel.swift in Sources */ = {isa = PBXBuildFile; fileRef = 04B1CA8122E1124500630F02 /* EmployeeViewModel.swift */; };
/* End PBXBuildFile section */

/* Begin PBXContainerItemProxy section */
		04B1CA6122E1063600630F02 /* PBXContainerItemProxy */ = {
			isa = PBXContainerItemProxy;
			containerPortal = 04B1CA4422E1063400630F02 /* Project object */;
			proxyType = 1;
			remoteGlobalIDString = 04B1CA4B22E1063400630F02;
			remoteInfo = AppArchitectureProject;
		};
		04B1CA6C22E1063600630F02 /* PBXContainerItemProxy */ = {
			isa = PBXContainerItemProxy;
			containerPortal = 04B1CA4422E1063400630F02 /* Project object */;
			proxyType = 1;
			remoteGlobalIDString = 04B1CA4B22E1063400630F02;
			remoteInfo = AppArchitectureProject;
		};
/* End PBXContainerItemProxy section */

/* Begin PBXFileReference section */
		04B1CA4C22E1063400630F02 /* AppArchitectureProject.app */ = {isa = PBXFileReference; explicitFileType = wrapper.application; includeInIndex = 0; path = AppArchitectureProject.app; sourceTree = BUILT_PRODUCTS_DIR; };
		04B1CA4F22E1063400630F02 /* AppDelegate.swift */ = {isa = PBXFileReference; lastKnownFileType = sourcecode.swift; path = AppDelegate.swift; sourceTree = "<group>"; };
		04B1CA5122E1063400630F02 /* ViewController.swift */ = {isa = PBXFileReference; lastKnownFileType = sourcecode.swift; path = ViewController.swift; sourceTree = "<group>"; };
		04B1CA5422E1063400630F02 /* Base */ = {isa = PBXFileReference; lastKnownFileType = file.storyboard; name = Base; path = Base.lproj/Main.storyboard; sourceTree = "<group>"; };
		04B1CA5622E1063600630F02 /* Assets.xcassets */ = {isa = PBXFileReference; lastKnownFileType = folder.assetcatalog; path = Assets.xcassets; sourceTree = "<group>"; };
		04B1CA5922E1063600630F02 /* Base */ = {isa = PBXFileReference; lastKnownFileType = file.storyboard; name = Base; path = Base.lproj/LaunchScreen.storyboard; sourceTree = "<group>"; };
		04B1CA5B22E1063600630F02 /* Info.plist */ = {isa = PBXFileReference; lastKnownFileType = text.plist.xml; path = Info.plist; sourceTree = "<group>"; };
		04B1CA6022E1063600630F02 /* AppArchitectureProjectTests.xctest */ = {isa = PBXFileReference; explicitFileType = wrapper.cfbundle; includeInIndex = 0; path = AppArchitectureProjectTests.xctest; sourceTree = BUILT_PRODUCTS_DIR; };
		04B1CA6422E1063600630F02 /* AppArchitectureProjectTests.swift */ = {isa = PBXFileReference; lastKnownFileType = sourcecode.swift; path = AppArchitectureProjectTests.swift; sourceTree = "<group>"; };
		04B1CA6622E1063600630F02 /* Info.plist */ = {isa = PBXFileReference; lastKnownFileType = text.plist.xml; path = Info.plist; sourceTree = "<group>"; };
		04B1CA6B22E1063600630F02 /* AppArchitectureProjectUITests.xctest */ = {isa = PBXFileReference; explicitFileType = wrapper.cfbundle; includeInIndex = 0; path = AppArchitectureProjectUITests.xctest; sourceTree = BUILT_PRODUCTS_DIR; };
		04B1CA6F22E1063600630F02 /* AppArchitectureProjectUITests.swift */ = {isa = PBXFileReference; lastKnownFileType = sourcecode.swift; path = AppArchitectureProjectUITests.swift; sourceTree = "<group>"; };
		04B1CA7122E1063600630F02 /* Info.plist */ = {isa = PBXFileReference; lastKnownFileType = text.plist.xml; path = Info.plist; sourceTree = "<group>"; };
		04B1CA7D22E106A300630F02 /* Employee.swift */ = {isa = PBXFileReference; lastKnownFileType = sourcecode.swift; path = Employee.swift; sourceTree = "<group>"; };
		04B1CA7F22E108D200630F02 /* EmployeeController.swift */ = {isa = PBXFileReference; lastKnownFileType = sourcecode.swift; path = EmployeeController.swift; sourceTree = "<group>"; };
		04B1CA8122E1124500630F02 /* EmployeeViewModel.swift */ = {isa = PBXFileReference; lastKnownFileType = sourcecode.swift; path = EmployeeViewModel.swift; sourceTree = "<group>"; };
/* End PBXFileReference section */

/* Begin PBXFrameworksBuildPhase section */
		04B1CA4922E1063400630F02 /* Frameworks */ = {
			isa = PBXFrameworksBuildPhase;
			buildActionMask = 2147483647;
			files = (
			);
			runOnlyForDeploymentPostprocessing = 0;
		};
		04B1CA5D22E1063600630F02 /* Frameworks */ = {
			isa = PBXFrameworksBuildPhase;
			buildActionMask = 2147483647;
			files = (
			);
			runOnlyForDeploymentPostprocessing = 0;
		};
		04B1CA6822E1063600630F02 /* Frameworks */ = {
			isa = PBXFrameworksBuildPhase;
			buildActionMask = 2147483647;
			files = (
			);
			runOnlyForDeploymentPostprocessing = 0;
		};
/* End PBXFrameworksBuildPhase section */

/* Begin PBXGroup section */
		04B1CA4322E1063400630F02 = {
			isa = PBXGroup;
			children = (
				04B1CA4E22E1063400630F02 /* AppArchitectureProject */,
				04B1CA6322E1063600630F02 /* AppArchitectureProjectTests */,
				04B1CA6E22E1063600630F02 /* AppArchitectureProjectUITests */,
				04B1CA4D22E1063400630F02 /* Products */,
			);
			sourceTree = "<group>";
		};
		04B1CA4D22E1063400630F02 /* Products */ = {
			isa = PBXGroup;
			children = (
				04B1CA4C22E1063400630F02 /* AppArchitectureProject.app */,
				04B1CA6022E1063600630F02 /* AppArchitectureProjectTests.xctest */,
				04B1CA6B22E1063600630F02 /* AppArchitectureProjectUITests.xctest */,
			);
			name = Products;
			sourceTree = "<group>";
		};
		04B1CA4E22E1063400630F02 /* AppArchitectureProject */ = {
			isa = PBXGroup;
			children = (
				04B1CA4F22E1063400630F02 /* AppDelegate.swift */,
				04B1CA5122E1063400630F02 /* ViewController.swift */,
				04B1CA8122E1124500630F02 /* EmployeeViewModel.swift */,
				04B1CA7D22E106A300630F02 /* Employee.swift */,
				04B1CA5322E1063400630F02 /* Main.storyboard */,
				04B1CA7F22E108D200630F02 /* EmployeeController.swift */,
				04B1CA5622E1063600630F02 /* Assets.xcassets */,
				04B1CA5822E1063600630F02 /* LaunchScreen.storyboard */,
				04B1CA5B22E1063600630F02 /* Info.plist */,
			);
			path = AppArchitectureProject;
			sourceTree = "<group>";
		};
		04B1CA6322E1063600630F02 /* AppArchitectureProjectTests */ = {
			isa = PBXGroup;
			children = (
				04B1CA6422E1063600630F02 /* AppArchitectureProjectTests.swift */,
				04B1CA6622E1063600630F02 /* Info.plist */,
			);
			path = AppArchitectureProjectTests;
			sourceTree = "<group>";
		};
		04B1CA6E22E1063600630F02 /* AppArchitectureProjectUITests */ = {
			isa = PBXGroup;
			children = (
				04B1CA6F22E1063600630F02 /* AppArchitectureProjectUITests.swift */,
				04B1CA7122E1063600630F02 /* Info.plist */,
			);
			path = AppArchitectureProjectUITests;
			sourceTree = "<group>";
		};
/* End PBXGroup section */

/* Begin PBXNativeTarget section */
		04B1CA4B22E1063400630F02 /* AppArchitectureProject */ = {
			isa = PBXNativeTarget;
			buildConfigurationList = 04B1CA7422E1063600630F02 /* Build configuration list for PBXNativeTarget "AppArchitectureProject" */;
			buildPhases = (
				04B1CA4822E1063400630F02 /* Sources */,
				04B1CA4922E1063400630F02 /* Frameworks */,
				04B1CA4A22E1063400630F02 /* Resources */,
			);
			buildRules = (
			);
			dependencies = (
			);
			name = AppArchitectureProject;
			productName = AppArchitectureProject;
			productReference = 04B1CA4C22E1063400630F02 /* AppArchitectureProject.app */;
			productType = "com.apple.product-type.application";
		};
		04B1CA5F22E1063600630F02 /* AppArchitectureProjectTests */ = {
			isa = PBXNativeTarget;
			buildConfigurationList = 04B1CA7722E1063600630F02 /* Build configuration list for PBXNativeTarget "AppArchitectureProjectTests" */;
			buildPhases = (
				04B1CA5C22E1063600630F02 /* Sources */,
				04B1CA5D22E1063600630F02 /* Frameworks */,
				04B1CA5E22E1063600630F02 /* Resources */,
			);
			buildRules = (
			);
			dependencies = (
				04B1CA6222E1063600630F02 /* PBXTargetDependency */,
			);
			name = AppArchitectureProjectTests;
			productName = AppArchitectureProjectTests;
			productReference = 04B1CA6022E1063600630F02 /* AppArchitectureProjectTests.xctest */;
			productType = "com.apple.product-type.bundle.unit-test";
		};
		04B1CA6A22E1063600630F02 /* AppArchitectureProjectUITests */ = {
			isa = PBXNativeTarget;
			buildConfigurationList = 04B1CA7A22E1063600630F02 /* Build configuration list for PBXNativeTarget "AppArchitectureProjectUITests" */;
			buildPhases = (
				04B1CA6722E1063600630F02 /* Sources */,
				04B1CA6822E1063600630F02 /* Frameworks */,
				04B1CA6922E1063600630F02 /* Resources */,
			);
			buildRules = (
			);
			dependencies = (
				04B1CA6D22E1063600630F02 /* PBXTargetDependency */,
			);
			name = AppArchitectureProjectUITests;
			productName = AppArchitectureProjectUITests;
			productReference = 04B1CA6B22E1063600630F02 /* AppArchitectureProjectUITests.xctest */;
			productType = "com.apple.product-type.bundle.ui-testing";
		};
/* End PBXNativeTarget section */

/* Begin PBXProject section */
		04B1CA4422E1063400630F02 /* Project object */ = {
			isa = PBXProject;
			attributes = {
				LastSwiftUpdateCheck = 1020;
				LastUpgradeCheck = 1020;
				ORGANIZATIONNAME = MCS;
				TargetAttributes = {
					04B1CA4B22E1063400630F02 = {
						CreatedOnToolsVersion = 10.2.1;
					};
					04B1CA5F22E1063600630F02 = {
						CreatedOnToolsVersion = 10.2.1;
						TestTargetID = 04B1CA4B22E1063400630F02;
					};
					04B1CA6A22E1063600630F02 = {
						CreatedOnToolsVersion = 10.2.1;
						TestTargetID = 04B1CA4B22E1063400630F02;
					};
				};
			};
			buildConfigurationList = 04B1CA4722E1063400630F02 /* Build configuration list for PBXProject "AppArchitectureProject" */;
			compatibilityVersion = "Xcode 9.3";
			developmentRegion = en;
			hasScannedForEncodings = 0;
			knownRegions = (
				en,
				Base,
			);
			mainGroup = 04B1CA4322E1063400630F02;
			productRefGroup = 04B1CA4D22E1063400630F02 /* Products */;
			projectDirPath = "";
			projectRoot = "";
			targets = (
				04B1CA4B22E1063400630F02 /* AppArchitectureProject */,
				04B1CA5F22E1063600630F02 /* AppArchitectureProjectTests */,
				04B1CA6A22E1063600630F02 /* AppArchitectureProjectUITests */,
			);
		};
/* End PBXProject section */

/* Begin PBXResourcesBuildPhase section */
		04B1CA4A22E1063400630F02 /* Resources */ = {
			isa = PBXResourcesBuildPhase;
			buildActionMask = 2147483647;
			files = (
				04B1CA5A22E1063600630F02 /* LaunchScreen.storyboard in Resources */,
				04B1CA5722E1063600630F02 /* Assets.xcassets in Resources */,
				04B1CA5522E1063400630F02 /* Main.storyboard in Resources */,
			);
			runOnlyForDeploymentPostprocessing = 0;
		};
		04B1CA5E22E1063600630F02 /* Resources */ = {
			isa = PBXResourcesBuildPhase;
			buildActionMask = 2147483647;
			files = (
			);
			runOnlyForDeploymentPostprocessing = 0;
		};
		04B1CA6922E1063600630F02 /* Resources */ = {
			isa = PBXResourcesBuildPhase;
			buildActionMask = 2147483647;
			files = (
			);
			runOnlyForDeploymentPostprocessing = 0;
		};
/* End PBXResourcesBuildPhase section */

/* Begin PBXSourcesBuildPhase section */
		04B1CA4822E1063400630F02 /* Sources */ = {
			isa = PBXSourcesBuildPhase;
			buildActionMask = 2147483647;
			files = (
				04B1CA5222E1063400630F02 /* ViewController.swift in Sources */,
				04B1CA7E22E106A300630F02 /* Employee.swift in Sources */,
				04B1CA5022E1063400630F02 /* AppDelegate.swift in Sources */,
				04B1CA8222E1124500630F02 /* EmployeeViewModel.swift in Sources */,
				04B1CA8022E108D200630F02 /* EmployeeController.swift in Sources */,
			);
			runOnlyForDeploymentPostprocessing = 0;
		};
		04B1CA5C22E1063600630F02 /* Sources */ = {
			isa = PBXSourcesBuildPhase;
			buildActionMask = 2147483647;
			files = (
				04B1CA6522E1063600630F02 /* AppArchitectureProjectTests.swift in Sources */,
			);
			runOnlyForDeploymentPostprocessing = 0;
		};
		04B1CA6722E1063600630F02 /* Sources */ = {
			isa = PBXSourcesBuildPhase;
			buildActionMask = 2147483647;
			files = (
				04B1CA7022E1063600630F02 /* AppArchitectureProjectUITests.swift in Sources */,
			);
			runOnlyForDeploymentPostprocessing = 0;
		};
/* End PBXSourcesBuildPhase section */

/* Begin PBXTargetDependency section */
		04B1CA6222E1063600630F02 /* PBXTargetDependency */ = {
			isa = PBXTargetDependency;
			target = 04B1CA4B22E1063400630F02 /* AppArchitectureProject */;
			targetProxy = 04B1CA6122E1063600630F02 /* PBXContainerItemProxy */;
		};
		04B1CA6D22E1063600630F02 /* PBXTargetDependency */ = {
			isa = PBXTargetDependency;
			target = 04B1CA4B22E1063400630F02 /* AppArchitectureProject */;
			targetProxy = 04B1CA6C22E1063600630F02 /* PBXContainerItemProxy */;
		};
/* End PBXTargetDependency section */

/* Begin PBXVariantGroup section */
		04B1CA5322E1063400630F02 /* Main.storyboard */ = {
			isa = PBXVariantGroup;
			children = (
				04B1CA5422E1063400630F02 /* Base */,
			);
			name = Main.storyboard;
			sourceTree = "<group>";
		};
		04B1CA5822E1063600630F02 /* LaunchScreen.storyboard */ = {
			isa = PBXVariantGroup;
			children = (
				04B1CA5922E1063600630F02 /* Base */,
			);
			name = LaunchScreen.storyboard;
			sourceTree = "<group>";
		};
/* End PBXVariantGroup section */

/* Begin XCBuildConfiguration section */
		04B1CA7222E1063600630F02 /* Debug */ = {
			isa = XCBuildConfiguration;
			buildSettings = {
				ALWAYS_SEARCH_USER_PATHS = NO;
				CLANG_ANALYZER_NONNULL = YES;
				CLANG_ANALYZER_NUMBER_OBJECT_CONVERSION = YES_AGGRESSIVE;
				CLANG_CXX_LANGUAGE_STANDARD = "gnu++14";
				CLANG_CXX_LIBRARY = "libc++";
				CLANG_ENABLE_MODULES = YES;
				CLANG_ENABLE_OBJC_ARC = YES;
				CLANG_ENABLE_OBJC_WEAK = YES;
				CLANG_WARN_BLOCK_CAPTURE_AUTORELEASING = YES;
				CLANG_WARN_BOOL_CONVERSION = YES;
				CLANG_WARN_COMMA = YES;
				CLANG_WARN_CONSTANT_CONVERSION = YES;
				CLANG_WARN_DEPRECATED_OBJC_IMPLEMENTATIONS = YES;
				CLANG_WARN_DIRECT_OBJC_ISA_USAGE = YES_ERROR;
				CLANG_WARN_DOCUMENTATION_COMMENTS = YES;
				CLANG_WARN_EMPTY_BODY = YES;
				CLANG_WARN_ENUM_CONVERSION = YES;
				CLANG_WARN_INFINITE_RECURSION = YES;
				CLANG_WARN_INT_CONVERSION = YES;
				CLANG_WARN_NON_LITERAL_NULL_CONVERSION = YES;
				CLANG_WARN_OBJC_IMPLICIT_RETAIN_SELF = YES;
				CLANG_WARN_OBJC_LITERAL_CONVERSION = YES;
				CLANG_WARN_OBJC_ROOT_CLASS = YES_ERROR;
				CLANG_WARN_RANGE_LOOP_ANALYSIS = YES;
				CLANG_WARN_STRICT_PROTOTYPES = YES;
				CLANG_WARN_SUSPICIOUS_MOVE = YES;
				CLANG_WARN_UNGUARDED_AVAILABILITY = YES_AGGRESSIVE;
				CLANG_WARN_UNREACHABLE_CODE = YES;
				CLANG_WARN__DUPLICATE_METHOD_MATCH = YES;
				CODE_SIGN_IDENTITY = "iPhone Developer";
				COPY_PHASE_STRIP = NO;
				DEBUG_INFORMATION_FORMAT = dwarf;
				ENABLE_STRICT_OBJC_MSGSEND = YES;
				ENABLE_TESTABILITY = YES;
				GCC_C_LANGUAGE_STANDARD = gnu11;
				GCC_DYNAMIC_NO_PIC = NO;
				GCC_NO_COMMON_BLOCKS = YES;
				GCC_OPTIMIZATION_LEVEL = 0;
				GCC_PREPROCESSOR_DEFINITIONS = (
					"DEBUG=1",
					"$(inherited)",
				);
				GCC_WARN_64_TO_32_BIT_CONVERSION = YES;
				GCC_WARN_ABOUT_RETURN_TYPE = YES_ERROR;
				GCC_WARN_UNDECLARED_SELECTOR = YES;
				GCC_WARN_UNINITIALIZED_AUTOS = YES_AGGRESSIVE;
				GCC_WARN_UNUSED_FUNCTION = YES;
				GCC_WARN_UNUSED_VARIABLE = YES;
				IPHONEOS_DEPLOYMENT_TARGET = 12.2;
				MTL_ENABLE_DEBUG_INFO = INCLUDE_SOURCE;
				MTL_FAST_MATH = YES;
				ONLY_ACTIVE_ARCH = YES;
				SDKROOT = iphoneos;
				SWIFT_ACTIVE_COMPILATION_CONDITIONS = DEBUG;
				SWIFT_OPTIMIZATION_LEVEL = "-Onone";
			};
			name = Debug;
		};
		04B1CA7322E1063600630F02 /* Release */ = {
			isa = XCBuildConfiguration;
			buildSettings = {
				ALWAYS_SEARCH_USER_PATHS = NO;
				CLANG_ANALYZER_NONNULL = YES;
				CLANG_ANALYZER_NUMBER_OBJECT_CONVERSION = YES_AGGRESSIVE;
				CLANG_CXX_LANGUAGE_STANDARD = "gnu++14";
				CLANG_CXX_LIBRARY = "libc++";
				CLANG_ENABLE_MODULES = YES;
				CLANG_ENABLE_OBJC_ARC = YES;
				CLANG_ENABLE_OBJC_WEAK = YES;
				CLANG_WARN_BLOCK_CAPTURE_AUTORELEASING = YES;
				CLANG_WARN_BOOL_CONVERSION = YES;
				CLANG_WARN_COMMA = YES;
				CLANG_WARN_CONSTANT_CONVERSION = YES;
				CLANG_WARN_DEPRECATED_OBJC_IMPLEMENTATIONS = YES;
				CLANG_WARN_DIRECT_OBJC_ISA_USAGE = YES_ERROR;
				CLANG_WARN_DOCUMENTATION_COMMENTS = YES;
				CLANG_WARN_EMPTY_BODY = YES;
				CLANG_WARN_ENUM_CONVERSION = YES;
				CLANG_WARN_INFINITE_RECURSION = YES;
				CLANG_WARN_INT_CONVERSION = YES;
				CLANG_WARN_NON_LITERAL_NULL_CONVERSION = YES;
				CLANG_WARN_OBJC_IMPLICIT_RETAIN_SELF = YES;
				CLANG_WARN_OBJC_LITERAL_CONVERSION = YES;
				CLANG_WARN_OBJC_ROOT_CLASS = YES_ERROR;
				CLANG_WARN_RANGE_LOOP_ANALYSIS = YES;
				CLANG_WARN_STRICT_PROTOTYPES = YES;
				CLANG_WARN_SUSPICIOUS_MOVE = YES;
				CLANG_WARN_UNGUARDED_AVAILABILITY = YES_AGGRESSIVE;
				CLANG_WARN_UNREACHABLE_CODE = YES;
				CLANG_WARN__DUPLICATE_METHOD_MATCH = YES;
				CODE_SIGN_IDENTITY = "iPhone Developer";
				COPY_PHASE_STRIP = NO;
				DEBUG_INFORMATION_FORMAT = "dwarf-with-dsym";
				ENABLE_NS_ASSERTIONS = NO;
				ENABLE_STRICT_OBJC_MSGSEND = YES;
				GCC_C_LANGUAGE_STANDARD = gnu11;
				GCC_NO_COMMON_BLOCKS = YES;
				GCC_WARN_64_TO_32_BIT_CONVERSION = YES;
				GCC_WARN_ABOUT_RETURN_TYPE = YES_ERROR;
				GCC_WARN_UNDECLARED_SELECTOR = YES;
				GCC_WARN_UNINITIALIZED_AUTOS = YES_AGGRESSIVE;
				GCC_WARN_UNUSED_FUNCTION = YES;
				GCC_WARN_UNUSED_VARIABLE = YES;
				IPHONEOS_DEPLOYMENT_TARGET = 12.2;
				MTL_ENABLE_DEBUG_INFO = NO;
				MTL_FAST_MATH = YES;
				SDKROOT = iphoneos;
				SWIFT_COMPILATION_MODE = wholemodule;
				SWIFT_OPTIMIZATION_LEVEL = "-O";
				VALIDATE_PRODUCT = YES;
			};
			name = Release;
		};
		04B1CA7522E1063600630F02 /* Debug */ = {
			isa = XCBuildConfiguration;
			buildSettings = {
				ASSETCATALOG_COMPILER_APPICON_NAME = AppIcon;
				CODE_SIGN_STYLE = Automatic;
				DEVELOPMENT_TEAM = T9G42C54QQ;
				INFOPLIST_FILE = AppArchitectureProject/Info.plist;
				LD_RUNPATH_SEARCH_PATHS = (
					"$(inherited)",
					"@executable_path/Frameworks",
				);
				PRODUCT_BUNDLE_IDENTIFIER = MCS.AppArchitectureProject;
				PRODUCT_NAME = "$(TARGET_NAME)";
				SWIFT_VERSION = 5.0;
				TARGETED_DEVICE_FAMILY = "1,2";
			};
			name = Debug;
		};
		04B1CA7622E1063600630F02 /* Release */ = {
			isa = XCBuildConfiguration;
			buildSettings = {
				ASSETCATALOG_COMPILER_APPICON_NAME = AppIcon;
				CODE_SIGN_STYLE = Automatic;
				DEVELOPMENT_TEAM = T9G42C54QQ;
				INFOPLIST_FILE = AppArchitectureProject/Info.plist;
				LD_RUNPATH_SEARCH_PATHS = (
					"$(inherited)",
					"@executable_path/Frameworks",
				);
				PRODUCT_BUNDLE_IDENTIFIER = MCS.AppArchitectureProject;
				PRODUCT_NAME = "$(TARGET_NAME)";
				SWIFT_VERSION = 5.0;
				TARGETED_DEVICE_FAMILY = "1,2";
			};
			name = Release;
		};
		04B1CA7822E1063600630F02 /* Debug */ = {
			isa = XCBuildConfiguration;
			buildSettings = {
				ALWAYS_EMBED_SWIFT_STANDARD_LIBRARIES = YES;
				BUNDLE_LOADER = "$(TEST_HOST)";
				CODE_SIGN_STYLE = Automatic;
				DEVELOPMENT_TEAM = T9G42C54QQ;
				INFOPLIST_FILE = AppArchitectureProjectTests/Info.plist;
				LD_RUNPATH_SEARCH_PATHS = (
					"$(inherited)",
					"@executable_path/Frameworks",
					"@loader_path/Frameworks",
				);
				PRODUCT_BUNDLE_IDENTIFIER = MCS.AppArchitectureProjectTests;
				PRODUCT_NAME = "$(TARGET_NAME)";
				SWIFT_VERSION = 5.0;
				TARGETED_DEVICE_FAMILY = "1,2";
				TEST_HOST = "$(BUILT_PRODUCTS_DIR)/AppArchitectureProject.app/AppArchitectureProject";
			};
			name = Debug;
		};
		04B1CA7922E1063600630F02 /* Release */ = {
			isa = XCBuildConfiguration;
			buildSettings = {
				ALWAYS_EMBED_SWIFT_STANDARD_LIBRARIES = YES;
				BUNDLE_LOADER = "$(TEST_HOST)";
				CODE_SIGN_STYLE = Automatic;
				DEVELOPMENT_TEAM = T9G42C54QQ;
				INFOPLIST_FILE = AppArchitectureProjectTests/Info.plist;
				LD_RUNPATH_SEARCH_PATHS = (
					"$(inherited)",
					"@executable_path/Frameworks",
					"@loader_path/Frameworks",
				);
				PRODUCT_BUNDLE_IDENTIFIER = MCS.AppArchitectureProjectTests;
				PRODUCT_NAME = "$(TARGET_NAME)";
				SWIFT_VERSION = 5.0;
				TARGETED_DEVICE_FAMILY = "1,2";
				TEST_HOST = "$(BUILT_PRODUCTS_DIR)/AppArchitectureProject.app/AppArchitectureProject";
			};
			name = Release;
		};
		04B1CA7B22E1063600630F02 /* Debug */ = {
			isa = XCBuildConfiguration;
			buildSettings = {
				ALWAYS_EMBED_SWIFT_STANDARD_LIBRARIES = YES;
				CODE_SIGN_STYLE = Automatic;
				DEVELOPMENT_TEAM = T9G42C54QQ;
				INFOPLIST_FILE = AppArchitectureProjectUITests/Info.plist;
				LD_RUNPATH_SEARCH_PATHS = (
					"$(inherited)",
					"@executable_path/Frameworks",
					"@loader_path/Frameworks",
				);
				PRODUCT_BUNDLE_IDENTIFIER = MCS.AppArchitectureProjectUITests;
				PRODUCT_NAME = "$(TARGET_NAME)";
				SWIFT_VERSION = 5.0;
				TARGETED_DEVICE_FAMILY = "1,2";
				TEST_TARGET_NAME = AppArchitectureProject;
			};
			name = Debug;
		};
		04B1CA7C22E1063600630F02 /* Release */ = {
			isa = XCBuildConfiguration;
			buildSettings = {
				ALWAYS_EMBED_SWIFT_STANDARD_LIBRARIES = YES;
				CODE_SIGN_STYLE = Automatic;
				DEVELOPMENT_TEAM = T9G42C54QQ;
				INFOPLIST_FILE = AppArchitectureProjectUITests/Info.plist;
				LD_RUNPATH_SEARCH_PATHS = (
					"$(inherited)",
					"@executable_path/Frameworks",
					"@loader_path/Frameworks",
				);
				PRODUCT_BUNDLE_IDENTIFIER = MCS.AppArchitectureProjectUITests;
				PRODUCT_NAME = "$(TARGET_NAME)";
				SWIFT_VERSION = 5.0;
				TARGETED_DEVICE_FAMILY = "1,2";
				TEST_TARGET_NAME = AppArchitectureProject;
			};
			name = Release;
		};
/* End XCBuildConfiguration section */

/* Begin XCConfigurationList section */
		04B1CA4722E1063400630F02 /* Build configuration list for PBXProject "AppArchitectureProject" */ = {
			isa = XCConfigurationList;
			buildConfigurations = (
				04B1CA7222E1063600630F02 /* Debug */,
				04B1CA7322E1063600630F02 /* Release */,
			);
			defaultConfigurationIsVisible = 0;
			defaultConfigurationName = Release;
		};
		04B1CA7422E1063600630F02 /* Build configuration list for PBXNativeTarget "AppArchitectureProject" */ = {
			isa = XCConfigurationList;
			buildConfigurations = (
				04B1CA7522E1063600630F02 /* Debug */,
				04B1CA7622E1063600630F02 /* Release */,
			);
			defaultConfigurationIsVisible = 0;
			defaultConfigurationName = Release;
		};
		04B1CA7722E1063600630F02 /* Build configuration list for PBXNativeTarget "AppArchitectureProjectTests" */ = {
			isa = XCConfigurationList;
			buildConfigurations = (
				04B1CA7822E1063600630F02 /* Debug */,
				04B1CA7922E1063600630F02 /* Release */,
			);
			defaultConfigurationIsVisible = 0;
			defaultConfigurationName = Release;
		};
		04B1CA7A22E1063600630F02 /* Build configuration list for PBXNativeTarget "AppArchitectureProjectUITests" */ = {
			isa = XCConfigurationList;
			buildConfigurations = (
				04B1CA7B22E1063600630F02 /* Debug */,
				04B1CA7C22E1063600630F02 /* Release */,
			);
			defaultConfigurationIsVisible = 0;
			defaultConfigurationName = Release;
		};
/* End XCConfigurationList section */
	};
	rootObject = 04B1CA4422E1063400630F02 /* Project object */;
}
